// !$*UTF8*$!
{
	archiveVersion = 1;
	classes = {
	};
	objectVersion = 46;
	objects = {

/* Begin PBXBuildFile section */
		1BDDC54D1C2936EF00FD632C /* main.m in Sources */ = {isa = PBXBuildFile; fileRef = 1BDDC54C1C2936EF00FD632C /* main.m */; };
		1BDDC5501C2936EF00FD632C /* AppDelegate.m in Sources */ = {isa = PBXBuildFile; fileRef = 1BDDC54F1C2936EF00FD632C /* AppDelegate.m */; };
		1BDDC5531C2936EF00FD632C /* ViewController.m in Sources */ = {isa = PBXBuildFile; fileRef = 1BDDC5521C2936EF00FD632C /* ViewController.m */; };
		1BDDC5561C2936EF00FD632C /* Main.storyboard in Resources */ = {isa = PBXBuildFile; fileRef = 1BDDC5541C2936EF00FD632C /* Main.storyboard */; };
		1BDDC5581C2936EF00FD632C /* Assets.xcassets in Resources */ = {isa = PBXBuildFile; fileRef = 1BDDC5571C2936EF00FD632C /* Assets.xcassets */; };
		1BDDC55B1C2936EF00FD632C /* LaunchScreen.storyboard in Resources */ = {isa = PBXBuildFile; fileRef = 1BDDC5591C2936EF00FD632C /* LaunchScreen.storyboard */; };
		1BDDC5661C2936EF00FD632C /* TestSqliteEncryptTests.m in Sources */ = {isa = PBXBuildFile; fileRef = 1BDDC5651C2936EF00FD632C /* TestSqliteEncryptTests.m */; };
		1BDDC5711C2936EF00FD632C /* TestSqliteEncryptUITests.m in Sources */ = {isa = PBXBuildFile; fileRef = 1BDDC5701C2936EF00FD632C /* TestSqliteEncryptUITests.m */; };
		1BDDC5BD1C29383B00FD632C /* libsqlcipher.a in Frameworks */ = {isa = PBXBuildFile; fileRef = 1BDDC5BA1C29382F00FD632C /* libsqlcipher.a */; };
		1BDDC5BF1C2938E500FD632C /* test.db in Resources */ = {isa = PBXBuildFile; fileRef = 1BDDC5BE1C2938E500FD632C /* test.db */; settings = {ASSET_TAGS = (); }; };
		1BDDC5C01C2938E500FD632C /* test.db in Resources */ = {isa = PBXBuildFile; fileRef = 1BDDC5BE1C2938E500FD632C /* test.db */; settings = {ASSET_TAGS = (); }; };
/* End PBXBuildFile section */

/* Begin PBXContainerItemProxy section */
		1BDDC5621C2936EF00FD632C /* PBXContainerItemProxy */ = {
			isa = PBXContainerItemProxy;
			containerPortal = 1BDDC5401C2936EF00FD632C /* Project object */;
			proxyType = 1;
			remoteGlobalIDString = 1BDDC5471C2936EF00FD632C;
			remoteInfo = TestSqliteEncrypt;
		};
		1BDDC56D1C2936EF00FD632C /* PBXContainerItemProxy */ = {
			isa = PBXContainerItemProxy;
			containerPortal = 1BDDC5401C2936EF00FD632C /* Project object */;
			proxyType = 1;
			remoteGlobalIDString = 1BDDC5471C2936EF00FD632C;
			remoteInfo = TestSqliteEncrypt;
		};
		1BDDC5B91C29382F00FD632C /* PBXContainerItemProxy */ = {
			isa = PBXContainerItemProxy;
			containerPortal = 1BDDC5B41C29382E00FD632C /* sqlcipher.xcodeproj */;
			proxyType = 2;
			remoteGlobalIDString = D2AAC046055464E500DB518D;
			remoteInfo = sqlcipher;
		};
		1BDDC5BB1C29383400FD632C /* PBXContainerItemProxy */ = {
			isa = PBXContainerItemProxy;
			containerPortal = 1BDDC5B41C29382E00FD632C /* sqlcipher.xcodeproj */;
			proxyType = 1;
			remoteGlobalIDString = D2AAC045055464E500DB518D;
			remoteInfo = sqlcipher;
		};
/* End PBXContainerItemProxy section */

/* Begin PBXFileReference section */
		1BDDC5481C2936EF00FD632C /* TestSqliteEncrypt.app */ = {isa = PBXFileReference; explicitFileType = wrapper.application; includeInIndex = 0; path = TestSqliteEncrypt.app; sourceTree = BUILT_PRODUCTS_DIR; };
		1BDDC54C1C2936EF00FD632C /* main.m */ = {isa = PBXFileReference; lastKnownFileType = sourcecode.c.objc; path = main.m; sourceTree = "<group>"; };
		1BDDC54E1C2936EF00FD632C /* AppDelegate.h */ = {isa = PBXFileReference; lastKnownFileType = sourcecode.c.h; path = AppDelegate.h; sourceTree = "<group>"; };
		1BDDC54F1C2936EF00FD632C /* AppDelegate.m */ = {isa = PBXFileReference; lastKnownFileType = sourcecode.c.objc; path = AppDelegate.m; sourceTree = "<group>"; };
		1BDDC5511C2936EF00FD632C /* ViewController.h */ = {isa = PBXFileReference; lastKnownFileType = sourcecode.c.h; path = ViewController.h; sourceTree = "<group>"; };
		1BDDC5521C2936EF00FD632C /* ViewController.m */ = {isa = PBXFileReference; lastKnownFileType = sourcecode.c.objc; path = ViewController.m; sourceTree = "<group>"; };
		1BDDC5551C2936EF00FD632C /* Base */ = {isa = PBXFileReference; lastKnownFileType = file.storyboard; name = Base; path = Base.lproj/Main.storyboard; sourceTree = "<group>"; };
		1BDDC5571C2936EF00FD632C /* Assets.xcassets */ = {isa = PBXFileReference; lastKnownFileType = folder.assetcatalog; path = Assets.xcassets; sourceTree = "<group>"; };
		1BDDC55A1C2936EF00FD632C /* Base */ = {isa = PBXFileReference; lastKnownFileType = file.storyboard; name = Base; path = Base.lproj/LaunchScreen.storyboard; sourceTree = "<group>"; };
		1BDDC55C1C2936EF00FD632C /* Info.plist */ = {isa = PBXFileReference; lastKnownFileType = text.plist.xml; path = Info.plist; sourceTree = "<group>"; };
		1BDDC5611C2936EF00FD632C /* TestSqliteEncryptTests.xctest */ = {isa = PBXFileReference; explicitFileType = wrapper.cfbundle; includeInIndex = 0; path = TestSqliteEncryptTests.xctest; sourceTree = BUILT_PRODUCTS_DIR; };
		1BDDC5651C2936EF00FD632C /* TestSqliteEncryptTests.m */ = {isa = PBXFileReference; lastKnownFileType = sourcecode.c.objc; path = TestSqliteEncryptTests.m; sourceTree = "<group>"; };
		1BDDC5671C2936EF00FD632C /* Info.plist */ = {isa = PBXFileReference; lastKnownFileType = text.plist.xml; path = Info.plist; sourceTree = "<group>"; };
		1BDDC56C1C2936EF00FD632C /* TestSqliteEncryptUITests.xctest */ = {isa = PBXFileReference; explicitFileType = wrapper.cfbundle; includeInIndex = 0; path = TestSqliteEncryptUITests.xctest; sourceTree = BUILT_PRODUCTS_DIR; };
		1BDDC5701C2936EF00FD632C /* TestSqliteEncryptUITests.m */ = {isa = PBXFileReference; lastKnownFileType = sourcecode.c.objc; path = TestSqliteEncryptUITests.m; sourceTree = "<group>"; };
		1BDDC5721C2936EF00FD632C /* Info.plist */ = {isa = PBXFileReference; lastKnownFileType = text.plist.xml; path = Info.plist; sourceTree = "<group>"; };
		1BDDC5B41C29382E00FD632C /* sqlcipher.xcodeproj */ = {isa = PBXFileReference; lastKnownFileType = "wrapper.pb-project"; name = sqlcipher.xcodeproj; path = sqlcipher/sqlcipher.xcodeproj; sourceTree = "<group>"; };
		1BDDC5BE1C2938E500FD632C /* test.db */ = {isa = PBXFileReference; lastKnownFileType = text; path = test.db; sourceTree = "<group>"; };
/* End PBXFileReference section */

/* Begin PBXFrameworksBuildPhase section */
		1BDDC5451C2936EF00FD632C /* Frameworks */ = {
			isa = PBXFrameworksBuildPhase;
			buildActionMask = 2147483647;
			files = (
				1BDDC5BD1C29383B00FD632C /* libsqlcipher.a in Frameworks */,
			);
			runOnlyForDeploymentPostprocessing = 0;
		};
		1BDDC55E1C2936EF00FD632C /* Frameworks */ = {
			isa = PBXFrameworksBuildPhase;
			buildActionMask = 2147483647;
			files = (
			);
			runOnlyForDeploymentPostprocessing = 0;
		};
		1BDDC5691C2936EF00FD632C /* Frameworks */ = {
			isa = PBXFrameworksBuildPhase;
			buildActionMask = 2147483647;
			files = (
			);
			runOnlyForDeploymentPostprocessing = 0;
		};
/* End PBXFrameworksBuildPhase section */

/* Begin PBXGroup section */
		1BDDC53F1C2936EF00FD632C = {
			isa = PBXGroup;
			children = (
				1BDDC5B41C29382E00FD632C /* sqlcipher.xcodeproj */,
				1BDDC54A1C2936EF00FD632C /* TestSqliteEncrypt */,
				1BDDC5641C2936EF00FD632C /* TestSqliteEncryptTests */,
				1BDDC56F1C2936EF00FD632C /* TestSqliteEncryptUITests */,
				1BDDC5491C2936EF00FD632C /* Products */,
			);
			sourceTree = "<group>";
		};
		1BDDC5491C2936EF00FD632C /* Products */ = {
			isa = PBXGroup;
			children = (
				1BDDC5481C2936EF00FD632C /* TestSqliteEncrypt.app */,
				1BDDC5611C2936EF00FD632C /* TestSqliteEncryptTests.xctest */,
				1BDDC56C1C2936EF00FD632C /* TestSqliteEncryptUITests.xctest */,
			);
			name = Products;
			sourceTree = "<group>";
		};
		1BDDC54A1C2936EF00FD632C /* TestSqliteEncrypt */ = {
			isa = PBXGroup;
			children = (
				1BDDC54E1C2936EF00FD632C /* AppDelegate.h */,
				1BDDC54F1C2936EF00FD632C /* AppDelegate.m */,
				1BDDC5511C2936EF00FD632C /* ViewController.h */,
				1BDDC5521C2936EF00FD632C /* ViewController.m */,
				1BDDC5BE1C2938E500FD632C /* test.db */,
				1BDDC5541C2936EF00FD632C /* Main.storyboard */,
				1BDDC5571C2936EF00FD632C /* Assets.xcassets */,
				1BDDC5591C2936EF00FD632C /* LaunchScreen.storyboard */,
				1BDDC55C1C2936EF00FD632C /* Info.plist */,
				1BDDC54B1C2936EF00FD632C /* Supporting Files */,
			);
			path = TestSqliteEncrypt;
			sourceTree = "<group>";
		};
		1BDDC54B1C2936EF00FD632C /* Supporting Files */ = {
			isa = PBXGroup;
			children = (
				1BDDC54C1C2936EF00FD632C /* main.m */,
			);
			name = "Supporting Files";
			sourceTree = "<group>";
		};
		1BDDC5641C2936EF00FD632C /* TestSqliteEncryptTests */ = {
			isa = PBXGroup;
			children = (
				1BDDC5651C2936EF00FD632C /* TestSqliteEncryptTests.m */,
				1BDDC5671C2936EF00FD632C /* Info.plist */,
			);
			path = TestSqliteEncryptTests;
			sourceTree = "<group>";
		};
		1BDDC56F1C2936EF00FD632C /* TestSqliteEncryptUITests */ = {
			isa = PBXGroup;
			children = (
				1BDDC5701C2936EF00FD632C /* TestSqliteEncryptUITests.m */,
				1BDDC5721C2936EF00FD632C /* Info.plist */,
			);
			path = TestSqliteEncryptUITests;
			sourceTree = "<group>";
		};
		1BDDC5B51C29382E00FD632C /* Products */ = {
			isa = PBXGroup;
			children = (
				1BDDC5BA1C29382F00FD632C /* libsqlcipher.a */,
			);
			name = Products;
			sourceTree = "<group>";
		};
/* End PBXGroup section */

/* Begin PBXNativeTarget section */
		1BDDC5471C2936EF00FD632C /* TestSqliteEncrypt */ = {
			isa = PBXNativeTarget;
			buildConfigurationList = 1BDDC5751C2936EF00FD632C /* Build configuration list for PBXNativeTarget "TestSqliteEncrypt" */;
			buildPhases = (
				1BDDC5441C2936EF00FD632C /* Sources */,
				1BDDC5451C2936EF00FD632C /* Frameworks */,
				1BDDC5461C2936EF00FD632C /* Resources */,
			);
			buildRules = (
			);
			dependencies = (
				1BDDC5BC1C29383400FD632C /* PBXTargetDependency */,
			);
			name = TestSqliteEncrypt;
			productName = TestSqliteEncrypt;
			productReference = 1BDDC5481C2936EF00FD632C /* TestSqliteEncrypt.app */;
			productType = "com.apple.product-type.application";
		};
		1BDDC5601C2936EF00FD632C /* TestSqliteEncryptTests */ = {
			isa = PBXNativeTarget;
			buildConfigurationList = 1BDDC5781C2936EF00FD632C /* Build configuration list for PBXNativeTarget "TestSqliteEncryptTests" */;
			buildPhases = (
				1BDDC55D1C2936EF00FD632C /* Sources */,
				1BDDC55E1C2936EF00FD632C /* Frameworks */,
				1BDDC55F1C2936EF00FD632C /* Resources */,
			);
			buildRules = (
			);
			dependencies = (
				1BDDC5631C2936EF00FD632C /* PBXTargetDependency */,
			);
			name = TestSqliteEncryptTests;
			productName = TestSqliteEncryptTests;
			productReference = 1BDDC5611C2936EF00FD632C /* TestSqliteEncryptTests.xctest */;
			productType = "com.apple.product-type.bundle.unit-test";
		};
		1BDDC56B1C2936EF00FD632C /* TestSqliteEncryptUITests */ = {
			isa = PBXNativeTarget;
			buildConfigurationList = 1BDDC57B1C2936EF00FD632C /* Build configuration list for PBXNativeTarget "TestSqliteEncryptUITests" */;
			buildPhases = (
				1BDDC5681C2936EF00FD632C /* Sources */,
				1BDDC5691C2936EF00FD632C /* Frameworks */,
				1BDDC56A1C2936EF00FD632C /* Resources */,
			);
			buildRules = (
			);
			dependencies = (
				1BDDC56E1C2936EF00FD632C /* PBXTargetDependency */,
			);
			name = TestSqliteEncryptUITests;
			productName = TestSqliteEncryptUITests;
			productReference = 1BDDC56C1C2936EF00FD632C /* TestSqliteEncryptUITests.xctest */;
			productType = "com.apple.product-type.bundle.ui-testing";
		};
/* End PBXNativeTarget section */

/* Begin PBXProject section */
		1BDDC5401C2936EF00FD632C /* Project object */ = {
			isa = PBXProject;
			attributes = {
				LastUpgradeCheck = 0700;
				ORGANIZATIONNAME = yanluojun;
				TargetAttributes = {
					1BDDC5471C2936EF00FD632C = {
						CreatedOnToolsVersion = 7.0;
					};
					1BDDC5601C2936EF00FD632C = {
						CreatedOnToolsVersion = 7.0;
						TestTargetID = 1BDDC5471C2936EF00FD632C;
					};
					1BDDC56B1C2936EF00FD632C = {
						CreatedOnToolsVersion = 7.0;
						TestTargetID = 1BDDC5471C2936EF00FD632C;
					};
				};
			};
			buildConfigurationList = 1BDDC5431C2936EF00FD632C /* Build configuration list for PBXProject "TestSqliteEncrypt" */;
			compatibilityVersion = "Xcode 3.2";
			developmentRegion = English;
			hasScannedForEncodings = 0;
			knownRegions = (
				en,
				Base,
			);
			mainGroup = 1BDDC53F1C2936EF00FD632C;
			productRefGroup = 1BDDC5491C2936EF00FD632C /* Products */;
			projectDirPath = "";
			projectReferences = (
				{
					ProductGroup = 1BDDC5B51C29382E00FD632C /* Products */;
					ProjectRef = 1BDDC5B41C29382E00FD632C /* sqlcipher.xcodeproj */;
				},
			);
			projectRoot = "";
			targets = (
				1BDDC5471C2936EF00FD632C /* TestSqliteEncrypt */,
				1BDDC5601C2936EF00FD632C /* TestSqliteEncryptTests */,
				1BDDC56B1C2936EF00FD632C /* TestSqliteEncryptUITests */,
			);
		};
/* End PBXProject section */

/* Begin PBXReferenceProxy section */
		1BDDC5BA1C29382F00FD632C /* libsqlcipher.a */ = {
			isa = PBXReferenceProxy;
			fileType = archive.ar;
			path = libsqlcipher.a;
			remoteRef = 1BDDC5B91C29382F00FD632C /* PBXContainerItemProxy */;
			sourceTree = BUILT_PRODUCTS_DIR;
		};
/* End PBXReferenceProxy section */

/* Begin PBXResourcesBuildPhase section */
		1BDDC5461C2936EF00FD632C /* Resources */ = {
			isa = PBXResourcesBuildPhase;
			buildActionMask = 2147483647;
			files = (
				1BDDC55B1C2936EF00FD632C /* LaunchScreen.storyboard in Resources */,
				1BDDC5581C2936EF00FD632C /* Assets.xcassets in Resources */,
				1BDDC5561C2936EF00FD632C /* Main.storyboard in Resources */,
				1BDDC5BF1C2938E500FD632C /* test.db in Resources */,
			);
			runOnlyForDeploymentPostprocessing = 0;
		};
		1BDDC55F1C2936EF00FD632C /* Resources */ = {
			isa = PBXResourcesBuildPhase;
			buildActionMask = 2147483647;
			files = (
				1BDDC5C01C2938E500FD632C /* test.db in Resources */,
			);
			runOnlyForDeploymentPostprocessing = 0;
		};
		1BDDC56A1C2936EF00FD632C /* Resources */ = {
			isa = PBXResourcesBuildPhase;
			buildActionMask = 2147483647;
			files = (
			);
			runOnlyForDeploymentPostprocessing = 0;
		};
/* End PBXResourcesBuildPhase section */

/* Begin PBXSourcesBuildPhase section */
		1BDDC5441C2936EF00FD632C /* Sources */ = {
			isa = PBXSourcesBuildPhase;
			buildActionMask = 2147483647;
			files = (
				1BDDC5531C2936EF00FD632C /* ViewController.m in Sources */,
				1BDDC5501C2936EF00FD632C /* AppDelegate.m in Sources */,
				1BDDC54D1C2936EF00FD632C /* main.m in Sources */,
			);
			runOnlyForDeploymentPostprocessing = 0;
		};
		1BDDC55D1C2936EF00FD632C /* Sources */ = {
			isa = PBXSourcesBuildPhase;
			buildActionMask = 2147483647;
			files = (
				1BDDC5661C2936EF00FD632C /* TestSqliteEncryptTests.m in Sources */,
			);
			runOnlyForDeploymentPostprocessing = 0;
		};
		1BDDC5681C2936EF00FD632C /* Sources */ = {
			isa = PBXSourcesBuildPhase;
			buildActionMask = 2147483647;
			files = (
				1BDDC5711C2936EF00FD632C /* TestSqliteEncryptUITests.m in Sources */,
			);
			runOnlyForDeploymentPostprocessing = 0;
		};
/* End PBXSourcesBuildPhase section */

/* Begin PBXTargetDependency section */
		1BDDC5631C2936EF00FD632C /* PBXTargetDependency */ = {
			isa = PBXTargetDependency;
			target = 1BDDC5471C2936EF00FD632C /* TestSqliteEncrypt */;
			targetProxy = 1BDDC5621C2936EF00FD632C /* PBXContainerItemProxy */;
		};
		1BDDC56E1C2936EF00FD632C /* PBXTargetDependency */ = {
			isa = PBXTargetDependency;
			target = 1BDDC5471C2936EF00FD632C /* TestSqliteEncrypt */;
			targetProxy = 1BDDC56D1C2936EF00FD632C /* PBXContainerItemProxy */;
		};
		1BDDC5BC1C29383400FD632C /* PBXTargetDependency */ = {
			isa = PBXTargetDependency;
			name = sqlcipher;
			targetProxy = 1BDDC5BB1C29383400FD632C /* PBXContainerItemProxy */;
		};
/* End PBXTargetDependency section */

/* Begin PBXVariantGroup section */
		1BDDC5541C2936EF00FD632C /* Main.storyboard */ = {
			isa = PBXVariantGroup;
			children = (
				1BDDC5551C2936EF00FD632C /* Base */,
			);
			name = Main.storyboard;
			sourceTree = "<group>";
		};
		1BDDC5591C2936EF00FD632C /* LaunchScreen.storyboard */ = {
			isa = PBXVariantGroup;
			children = (
				1BDDC55A1C2936EF00FD632C /* Base */,
			);
			name = LaunchScreen.storyboard;
			sourceTree = "<group>";
		};
/* End PBXVariantGroup section */

/* Begin XCBuildConfiguration section */
		1BDDC5731C2936EF00FD632C /* Debug */ = {
			isa = XCBuildConfiguration;
			buildSettings = {
				ALWAYS_SEARCH_USER_PATHS = NO;
				CLANG_CXX_LANGUAGE_STANDARD = "gnu++0x";
				CLANG_CXX_LIBRARY = "libc++";
				CLANG_ENABLE_MODULES = YES;
				CLANG_ENABLE_OBJC_ARC = YES;
				CLANG_WARN_BOOL_CONVERSION = YES;
				CLANG_WARN_CONSTANT_CONVERSION = YES;
				CLANG_WARN_DIRECT_OBJC_ISA_USAGE = YES_ERROR;
				CLANG_WARN_EMPTY_BODY = YES;
				CLANG_WARN_ENUM_CONVERSION = YES;
				CLANG_WARN_INT_CONVERSION = YES;
				CLANG_WARN_OBJC_ROOT_CLASS = YES_ERROR;
				CLANG_WARN_UNREACHABLE_CODE = YES;
				CLANG_WARN__DUPLICATE_METHOD_MATCH = YES;
				"CODE_SIGN_IDENTITY[sdk=iphoneos*]" = "iPhone Developer";
				COPY_PHASE_STRIP = NO;
				DEBUG_INFORMATION_FORMAT = dwarf;
				ENABLE_STRICT_OBJC_MSGSEND = YES;
				ENABLE_TESTABILITY = YES;
				GCC_C_LANGUAGE_STANDARD = gnu99;
				GCC_DYNAMIC_NO_PIC = NO;
				GCC_NO_COMMON_BLOCKS = YES;
				GCC_OPTIMIZATION_LEVEL = 0;
				GCC_PREPROCESSOR_DEFINITIONS = (
					"DEBUG=1",
					"$(inherited)",
				);
				GCC_WARN_64_TO_32_BIT_CONVERSION = YES;
				GCC_WARN_ABOUT_RETURN_TYPE = YES_ERROR;
				GCC_WARN_UNDECLARED_SELECTOR = YES;
				GCC_WARN_UNINITIALIZED_AUTOS = YES_AGGRESSIVE;
				GCC_WARN_UNUSED_FUNCTION = YES;
				GCC_WARN_UNUSED_VARIABLE = YES;
				IPHONEOS_DEPLOYMENT_TARGET = 9.0;
				MTL_ENABLE_DEBUG_INFO = YES;
				ONLY_ACTIVE_ARCH = YES;
				SDKROOT = iphoneos;
				TARGETED_DEVICE_FAMILY = "1,2";
			};
			name = Debug;
		};
		1BDDC5741C2936EF00FD632C /* Release */ = {
			isa = XCBuildConfiguration;
			buildSettings = {
				ALWAYS_SEARCH_USER_PATHS = NO;
				CLANG_CXX_LANGUAGE_STANDARD = "gnu++0x";
				CLANG_CXX_LIBRARY = "libc++";
				CLANG_ENABLE_MODULES = YES;
				CLANG_ENABLE_OBJC_ARC = YES;
				CLANG_WARN_BOOL_CONVERSION = YES;
				CLANG_WARN_CONSTANT_CONVERSION = YES;
				CLANG_WARN_DIRECT_OBJC_ISA_USAGE = YES_ERROR;
				CLANG_WARN_EMPTY_BODY = YES;
				CLANG_WARN_ENUM_CONVERSION = YES;
				CLANG_WARN_INT_CONVERSION = YES;
				CLANG_WARN_OBJC_ROOT_CLASS = YES_ERROR;
				CLANG_WARN_UNREACHABLE_CODE = YES;
				CLANG_WARN__DUPLICATE_METHOD_MATCH = YES;
				"CODE_SIGN_IDENTITY[sdk=iphoneos*]" = "iPhone Developer";
				COPY_PHASE_STRIP = NO;
				DEBUG_INFORMATION_FORMAT = "dwarf-with-dsym";
				ENABLE_NS_ASSERTIONS = NO;
				ENABLE_STRICT_OBJC_MSGSEND = YES;
				GCC_C_LANGUAGE_STANDARD = gnu99;
				GCC_NO_COMMON_BLOCKS = YES;
				GCC_WARN_64_TO_32_BIT_CONVERSION = YES;
				GCC_WARN_ABOUT_RETURN_TYPE = YES_ERROR;
				GCC_WARN_UNDECLARED_SELECTOR = YES;
				GCC_WARN_UNINITIALIZED_AUTOS = YES_AGGRESSIVE;
				GCC_WARN_UNUSED_FUNCTION = YES;
				GCC_WARN_UNUSED_VARIABLE = YES;
				IPHONEOS_DEPLOYMENT_TARGET = 9.0;
				MTL_ENABLE_DEBUG_INFO = NO;
				SDKROOT = iphoneos;
				TARGETED_DEVICE_FAMILY = "1,2";
				VALIDATE_PRODUCT = YES;
			};
			name = Release;
		};
		1BDDC5761C2936EF00FD632C /* Debug */ = {
			isa = XCBuildConfiguration;
			buildSettings = {
				ASSETCATALOG_COMPILER_APPICON_NAME = AppIcon;
				HEADER_SEARCH_PATHS = /Users/pro/ios/Demo/TestSqliteEncrypt/sqlcipher/src;
				INFOPLIST_FILE = TestSqliteEncrypt/Info.plist;
				IPHONEOS_DEPLOYMENT_TARGET = 7.1;
				LD_RUNPATH_SEARCH_PATHS = "$(inherited) @executable_path/Frameworks";
				OTHER_CFLAGS = "-DSQLITE_HAS_CODEC";
				PRODUCT_BUNDLE_IDENTIFIER = com.luo.TestSqliteEncrypt;
				PRODUCT_NAME = "$(TARGET_NAME)";
			};
			name = Debug;
		};
		1BDDC5771C2936EF00FD632C /* Release */ = {
			isa = XCBuildConfiguration;
			buildSettings = {
				ASSETCATALOG_COMPILER_APPICON_NAME = AppIcon;
				HEADER_SEARCH_PATHS = /Users/pro/ios/Demo/TestSqliteEncrypt/sqlcipher/src;
				INFOPLIST_FILE = TestSqliteEncrypt/Info.plist;
				IPHONEOS_DEPLOYMENT_TARGET = 7.1;
				LD_RUNPATH_SEARCH_PATHS = "$(inherited) @executable_path/Frameworks";
				OTHER_CFLAGS = "-DSQLITE_HAS_CODEC";
				PRODUCT_BUNDLE_IDENTIFIER = com.luo.TestSqliteEncrypt;
				PRODUCT_NAME = "$(TARGET_NAME)";
			};
			name = Release;
		};
		1BDDC5791C2936EF00FD632C /* Debug */ = {
			isa = XCBuildConfiguration;
			buildSettings = {
				BUNDLE_LOADER = "$(TEST_HOST)";
				INFOPLIST_FILE = TestSqliteEncryptTests/Info.plist;
				LD_RUNPATH_SEARCH_PATHS = "$(inherited) @executable_path/Frameworks @loader_path/Frameworks";
				PRODUCT_BUNDLE_IDENTIFIER = com.luo.TestSqliteEncryptTests;
				PRODUCT_NAME = "$(TARGET_NAME)";
				TEST_HOST = "$(BUILT_PRODUCTS_DIR)/TestSqliteEncrypt.app/TestSqliteEncrypt";
			};
			name = Debug;
		};
		1BDDC57A1C2936EF00FD632C /* Release */ = {
			isa = XCBuildConfiguration;
			buildSettings = {
				BUNDLE_LOADER = "$(TEST_HOST)";
				INFOPLIST_FILE = TestSqliteEncryptTests/Info.plist;
				LD_RUNPATH_SEARCH_PATHS = "$(inherited) @executable_path/Frameworks @loader_path/Frameworks";
				PRODUCT_BUNDLE_IDENTIFIER = com.luo.TestSqliteEncryptTests;
				PRODUCT_NAME = "$(TARGET_NAME)";
				TEST_HOST = "$(BUILT_PRODUCTS_DIR)/TestSqliteEncrypt.app/TestSqliteEncrypt";
			};
			name = Release;
		};
		1BDDC57C1C2936EF00FD632C /* Debug */ = {
			isa = XCBuildConfiguration;
			buildSettings = {
				INFOPLIST_FILE = TestSqliteEncryptUITests/Info.plist;
				LD_RUNPATH_SEARCH_PATHS = "$(inherited) @executable_path/Frameworks @loader_path/Frameworks";
				PRODUCT_BUNDLE_IDENTIFIER = com.luo.TestSqliteEncryptUITests;
				PRODUCT_NAME = "$(TARGET_NAME)";
				TEST_TARGET_NAME = TestSqliteEncrypt;
				USES_XCTRUNNER = YES;
			};
			name = Debug;
		};
		1BDDC57D1C2936EF00FD632C /* Release */ = {
			isa = XCBuildConfiguration;
			buildSettings = {
				INFOPLIST_FILE = TestSqliteEncryptUITests/Info.plist;
				LD_RUNPATH_SEARCH_PATHS = "$(inherited) @executable_path/Frameworks @loader_path/Frameworks";
				PRODUCT_BUNDLE_IDENTIFIER = com.luo.TestSqliteEncryptUITests;
				PRODUCT_NAME = "$(TARGET_NAME)";
				TEST_TARGET_NAME = TestSqliteEncrypt;
				USES_XCTRUNNER = YES;
			};
			name = Release;
		};
/* End XCBuildConfiguration section */

/* Begin XCConfigurationList section */
		1BDDC5431C2936EF00FD632C /* Build configuration list for PBXProject "TestSqliteEncrypt" */ = {
			isa = XCConfigurationList;
			buildConfigurations = (
				1BDDC5731C2936EF00FD632C /* Debug */,
				1BDDC5741C2936EF00FD632C /* Release */,
			);
			defaultConfigurationIsVisible = 0;
			defaultConfigurationName = Release;
		};
		1BDDC5751C2936EF00FD632C /* Build configuration list for PBXNativeTarget "TestSqliteEncrypt" */ = {
			isa = XCConfigurationList;
			buildConfigurations = (
				1BDDC5761C2936EF00FD632C /* Debug */,
				1BDDC5771C2936EF00FD632C /* Release */,
			);
			defaultConfigurationIsVisible = 0;
			defaultConfigurationName = Release;
		};
		1BDDC5781C2936EF00FD632C /* Build configuration list for PBXNativeTarget "TestSqliteEncryptTests" */ = {
			isa = XCConfigurationList;
			buildConfigurations = (
				1BDDC5791C2936EF00FD632C /* Debug */,
				1BDDC57A1C2936EF00FD632C /* Release */,
			);
			defaultConfigurationIsVisible = 0;
			defaultConfigurationName = Release;
		};
		1BDDC57B1C2936EF00FD632C /* Build configuration list for PBXNativeTarget "TestSqliteEncryptUITests" */ = {
			isa = XCConfigurationList;
			buildConfigurations = (
				1BDDC57C1C2936EF00FD632C /* Debug */,
				1BDDC57D1C2936EF00FD632C /* Release */,
			);
			defaultConfigurationIsVisible = 0;
			defaultConfigurationName = Release;
		};
/* End XCConfigurationList section */
	};
	rootObject = 1BDDC5401C2936EF00FD632C /* Project object */;
}
